{
  "name": "eventti-benchmarks",
  "lockfileVersion": 3,
  "requires": true,
  "packages": {
    "": {
      "name": "eventti-benchmarks",
      "devDependencies": {
        "benchmark": "2.1.4",
        "eventemitter2": "6.4.9",
        "eventemitter3": "5.0.1",
        "eventti-3": "git://github.com/niklasramo/eventti.git#3.0.0",
        "mitt": "3.0.1",
        "nanoevents": "9.1.0",
        "tseep": "1.3.1"
      }
    },
    "node_modules/benchmark": {
      "version": "2.1.4",
      "resolved": "https://registry.npmjs.org/benchmark/-/benchmark-2.1.4.tgz",
      "integrity": "sha512-l9MlfN4M1K/H2fbhfMy3B7vJd6AGKJVQn2h6Sg/Yx+KckoUA7ewS5Vv6TjSq18ooE1kS9hhAlQRH3AkXIh/aOQ==",
      "dev": true,
      "license": "MIT",
      "dependencies": {
        "lodash": "^4.17.4",
        "platform": "^1.3.3"
      }
    },
    "node_modules/eventemitter2": {
      "version": "6.4.9",
      "resolved": "https://registry.npmjs.org/eventemitter2/-/eventemitter2-6.4.9.tgz",
      "integrity": "sha512-JEPTiaOt9f04oa6NOkc4aH+nVp5I3wEjpHbIPqfgCdD5v5bUzy7xQqwcVO2aDQgOWhI28da57HksMrzK9HlRxg==",
      "dev": true,
      "license": "MIT"
    },
    "node_modules/eventemitter3": {
      "version": "5.0.1",
      "resolved": "https://registry.npmjs.org/eventemitter3/-/eventemitter3-5.0.1.tgz",
      "integrity": "sha512-GWkBvjiSZK87ELrYOSESUYeVIc9mvLLf/nXalMOS5dYrgZq9o5OVkbZAVM06CVxYsCwH9BDZFPlQTlPA1j4ahA==",
      "dev": true,
      "license": "MIT"
    },
    "node_modules/eventti-3": {
      "name": "eventti",
      "version": "3.0.0",
      "resolved": "git+ssh://git@github.com/niklasramo/eventti.git#f55c594c30514ab195a41684f4a219469d18e973",
      "dev": true,
      "license": "MIT"
    },
    "node_modules/lodash": {
      "version": "4.17.21",
      "resolved": "https://registry.npmjs.org/lodash/-/lodash-4.17.21.tgz",
      "integrity": "sha512-v2kDEe57lecTulaDIuNTPy3Ry4gLGJ6Z1O3vE1krgXZNrsQ+LFTGHVxVjcXPs17LhbZVGedAJv8XZ1tvj5FvSg==",
      "dev": true,
      "license": "MIT"
    },
    "node_modules/mitt": {
      "version": "3.0.1",
      "resolved": "https://registry.npmjs.org/mitt/-/mitt-3.0.1.tgz",
      "integrity": "sha512-vKivATfr97l2/QBCYAkXYDbrIWPM2IIKEl7YPhjCvKlG3kE2gm+uBo6nEXK3M5/Ffh/FLpKExzOQ3JJoJGFKBw==",
      "dev": true,
      "license": "MIT"
    },
    "node_modules/nanoevents": {
      "version": "9.1.0",
      "resolved": "https://registry.npmjs.org/nanoevents/-/nanoevents-9.1.0.tgz",
      "integrity": "sha512-Jd0fILWG44a9luj8v5kED4WI+zfkkgwKyRQKItTtlPfEsh7Lznfi1kr8/iZ+XAIss4Qq5GqRB0qtWbaz9ceO/A==",
      "dev": true,
      "license": "MIT",
      "engines": {
        "node": "^18.0.0 || >=20.0.0"
      }
    },
    "node_modules/platform": {
      "version": "1.3.6",
      "resolved": "https://registry.npmjs.org/platform/-/platform-1.3.6.tgz",
      "integrity": "sha512-fnWVljUchTro6RiCFvCXBbNhJc2NijN7oIQxbwsyL0buWJPG85v81ehlHI9fXrJsMNgTofEoWIQeClKpgxFLrg==",
      "dev": true,
      "license": "MIT"
    },
    "node_modules/tseep": {
      "version": "1.3.1",
      "resolved": "https://registry.npmjs.org/tseep/-/tseep-1.3.1.tgz",
      "integrity": "sha512-ZPtfk1tQnZVyr7BPtbJ93qaAh2lZuIOpTMjhrYa4XctT8xe7t4SAW9LIxrySDuYMsfNNayE51E/WNGrNVgVicQ==",
      "dev": true,
      "license": "MIT"
    }
  }
}
